
Microsoft Visual Studio Solution File, Format Version 12.00
# Visual Studio Version 17
VisualStudioVersion = 17.8.34330.188
MinimumVisualStudioVersion = 10.0.40219.1
Project("{FAE04EC0-301F-11D3-BF4B-00C04F79EFBC}") = "Exercise4", "Exercise4\Exercise4.csproj", "{A61C4C1E-BCAD-4B36-B62C-7371FE9865EE}"
EndProject
Global
	GlobalSection(SolutionConfigurationPlatforms) = preSolution
		Debug|Any CPU = Debug|Any CPU
		Release|Any CPU = Release|Any CPU
	EndGlobalSection
	GlobalSection(ProjectConfigurationPlatforms) = postSolution
		{A61C4C1E-BCAD-4B36-B62C-7371FE9865EE}.Debug|Any CPU.ActiveCfg = Debug|Any CPU
		{A61C4C1E-BCAD-4B36-B62C-7371FE9865EE}.Debug|Any CPU.Build.0 = Debug|Any CPU
		{A61C4C1E-BCAD-4B36-B62C-7371FE9865EE}.Release|Any CPU.ActiveCfg = Release|Any CPU
		{A61C4C1E-BCAD-4B36-B62C-7371FE9865EE}.Release|Any CPU.Build.0 = Release|Any CPU
	EndGlobalSection
	GlobalSection(SolutionProperties) = preSolution
		HideSolutionNode = FALSE
	EndGlobalSection
	GlobalSection(ExtensibilityGlobals) = postSolution
		SolutionGuid = {AA91EC8D-6003-4F84-B6A9-3852CBBDA376}
	EndGlobalSection
EndGlobal
