
Microsoft Visual Studio Solution File, Format Version 12.00
# Visual Studio Version 17
VisualStudioVersion = 17.7.34221.43
MinimumVisualStudioVersion = 10.0.40219.1
Project("{FAE04EC0-301F-11D3-BF4B-00C04F79EFBC}") = "Exercise1", "Exercise1.csproj", "{FC085CF1-AC2E-4F13-A990-A8FFFDF50F3E}"
EndProject
Global
	GlobalSection(SolutionConfigurationPlatforms) = preSolution
		Debug|Any CPU = Debug|Any CPU
		Release|Any CPU = Release|Any CPU
	EndGlobalSection
	GlobalSection(ProjectConfigurationPlatforms) = postSolution
		{FC085CF1-AC2E-4F13-A990-A8FFFDF50F3E}.Debug|Any CPU.ActiveCfg = Debug|Any CPU
		{FC085CF1-AC2E-4F13-A990-A8FFFDF50F3E}.Debug|Any CPU.Build.0 = Debug|Any CPU
		{FC085CF1-AC2E-4F13-A990-A8FFFDF50F3E}.Release|Any CPU.ActiveCfg = Release|Any CPU
		{FC085CF1-AC2E-4F13-A990-A8FFFDF50F3E}.Release|Any CPU.Build.0 = Release|Any CPU
	EndGlobalSection
	GlobalSection(SolutionProperties) = preSolution
		HideSolutionNode = FALSE
	EndGlobalSection
	GlobalSection(ExtensibilityGlobals) = postSolution
		SolutionGuid = {8B465C4F-4D83-45E6-B668-B8E36DB4C0FC}
	EndGlobalSection
EndGlobal
