
Microsoft Visual Studio Solution File, Format Version 12.00
# Visual Studio Version 17
VisualStudioVersion = 17.7.34221.43
MinimumVisualStudioVersion = 10.0.40219.1
Project("{FAE04EC0-301F-11D3-BF4B-00C04F79EFBC}") = "Exercise1", "Exercise1.csproj", "{87194A16-2525-47B0-BD40-3BF414D0A844}"
EndProject
Global
	GlobalSection(SolutionConfigurationPlatforms) = preSolution
		Debug|Any CPU = Debug|Any CPU
		Release|Any CPU = Release|Any CPU
	EndGlobalSection
	GlobalSection(ProjectConfigurationPlatforms) = postSolution
		{87194A16-2525-47B0-BD40-3BF414D0A844}.Debug|Any CPU.ActiveCfg = Debug|Any CPU
		{87194A16-2525-47B0-BD40-3BF414D0A844}.Debug|Any CPU.Build.0 = Debug|Any CPU
		{87194A16-2525-47B0-BD40-3BF414D0A844}.Release|Any CPU.ActiveCfg = Release|Any CPU
		{87194A16-2525-47B0-BD40-3BF414D0A844}.Release|Any CPU.Build.0 = Release|Any CPU
	EndGlobalSection
	GlobalSection(SolutionProperties) = preSolution
		HideSolutionNode = FALSE
	EndGlobalSection
	GlobalSection(ExtensibilityGlobals) = postSolution
		SolutionGuid = {A02AEED1-2634-4DEE-A6D8-1B3DBCD64394}
	EndGlobalSection
EndGlobal
