
Microsoft Visual Studio Solution File, Format Version 12.00
# Visual Studio Version 17
VisualStudioVersion = 17.8.34330.188
MinimumVisualStudioVersion = 10.0.40219.1
Project("{FAE04EC0-301F-11D3-BF4B-00C04F79EFBC}") = "Exercise2", "Exercise2\Exercise2.csproj", "{96A3E07A-B6C8-4240-B9F0-44D7FA5412CB}"
EndProject
Global
	GlobalSection(SolutionConfigurationPlatforms) = preSolution
		Debug|Any CPU = Debug|Any CPU
		Release|Any CPU = Release|Any CPU
	EndGlobalSection
	GlobalSection(ProjectConfigurationPlatforms) = postSolution
		{96A3E07A-B6C8-4240-B9F0-44D7FA5412CB}.Debug|Any CPU.ActiveCfg = Debug|Any CPU
		{96A3E07A-B6C8-4240-B9F0-44D7FA5412CB}.Debug|Any CPU.Build.0 = Debug|Any CPU
		{96A3E07A-B6C8-4240-B9F0-44D7FA5412CB}.Release|Any CPU.ActiveCfg = Release|Any CPU
		{96A3E07A-B6C8-4240-B9F0-44D7FA5412CB}.Release|Any CPU.Build.0 = Release|Any CPU
	EndGlobalSection
	GlobalSection(SolutionProperties) = preSolution
		HideSolutionNode = FALSE
	EndGlobalSection
	GlobalSection(ExtensibilityGlobals) = postSolution
		SolutionGuid = {C85638C6-6E14-4E63-A7F6-D9B10D25DFF3}
	EndGlobalSection
EndGlobal
