
Microsoft Visual Studio Solution File, Format Version 12.00
# Visual Studio Version 17
VisualStudioVersion = 17.7.34221.43
MinimumVisualStudioVersion = 10.0.40219.1
Project("{FAE04EC0-301F-11D3-BF4B-00C04F79EFBC}") = "Exercise2", "Exercise2.csproj", "{A52510EA-4FB1-4CE3-A2BA-9CDEBC01E2EA}"
EndProject
Global
	GlobalSection(SolutionConfigurationPlatforms) = preSolution
		Debug|Any CPU = Debug|Any CPU
		Release|Any CPU = Release|Any CPU
	EndGlobalSection
	GlobalSection(ProjectConfigurationPlatforms) = postSolution
		{A52510EA-4FB1-4CE3-A2BA-9CDEBC01E2EA}.Debug|Any CPU.ActiveCfg = Debug|Any CPU
		{A52510EA-4FB1-4CE3-A2BA-9CDEBC01E2EA}.Debug|Any CPU.Build.0 = Debug|Any CPU
		{A52510EA-4FB1-4CE3-A2BA-9CDEBC01E2EA}.Release|Any CPU.ActiveCfg = Release|Any CPU
		{A52510EA-4FB1-4CE3-A2BA-9CDEBC01E2EA}.Release|Any CPU.Build.0 = Release|Any CPU
	EndGlobalSection
	GlobalSection(SolutionProperties) = preSolution
		HideSolutionNode = FALSE
	EndGlobalSection
	GlobalSection(ExtensibilityGlobals) = postSolution
		SolutionGuid = {E2C352A5-CD46-495C-A4AE-24C1117B0C4A}
	EndGlobalSection
EndGlobal
