
Microsoft Visual Studio Solution File, Format Version 12.00
# Visual Studio Version 17
VisualStudioVersion = 17.7.34221.43
MinimumVisualStudioVersion = 10.0.40219.1
Project("{FAE04EC0-301F-11D3-BF4B-00C04F79EFBC}") = "Exercise4", "Exercise4.csproj", "{0EC09B4A-E0E1-4D94-990C-6E9D75F923CE}"
EndProject
Global
	GlobalSection(SolutionConfigurationPlatforms) = preSolution
		Debug|Any CPU = Debug|Any CPU
		Release|Any CPU = Release|Any CPU
	EndGlobalSection
	GlobalSection(ProjectConfigurationPlatforms) = postSolution
		{0EC09B4A-E0E1-4D94-990C-6E9D75F923CE}.Debug|Any CPU.ActiveCfg = Debug|Any CPU
		{0EC09B4A-E0E1-4D94-990C-6E9D75F923CE}.Debug|Any CPU.Build.0 = Debug|Any CPU
		{0EC09B4A-E0E1-4D94-990C-6E9D75F923CE}.Release|Any CPU.ActiveCfg = Release|Any CPU
		{0EC09B4A-E0E1-4D94-990C-6E9D75F923CE}.Release|Any CPU.Build.0 = Release|Any CPU
	EndGlobalSection
	GlobalSection(SolutionProperties) = preSolution
		HideSolutionNode = FALSE
	EndGlobalSection
	GlobalSection(ExtensibilityGlobals) = postSolution
		SolutionGuid = {B91A931C-D9DD-42C0-AA84-CAD54F6721C3}
	EndGlobalSection
EndGlobal
