
Microsoft Visual Studio Solution File, Format Version 12.00
# Visual Studio Version 17
VisualStudioVersion = 17.8.34330.188
MinimumVisualStudioVersion = 10.0.40219.1
Project("{FAE04EC0-301F-11D3-BF4B-00C04F79EFBC}") = "Excersice3", "Excersice3\Excersice3.csproj", "{52080058-6236-4F47-A2F4-07D568A924D0}"
EndProject
Global
	GlobalSection(SolutionConfigurationPlatforms) = preSolution
		Debug|Any CPU = Debug|Any CPU
		Release|Any CPU = Release|Any CPU
	EndGlobalSection
	GlobalSection(ProjectConfigurationPlatforms) = postSolution
		{52080058-6236-4F47-A2F4-07D568A924D0}.Debug|Any CPU.ActiveCfg = Debug|Any CPU
		{52080058-6236-4F47-A2F4-07D568A924D0}.Debug|Any CPU.Build.0 = Debug|Any CPU
		{52080058-6236-4F47-A2F4-07D568A924D0}.Release|Any CPU.ActiveCfg = Release|Any CPU
		{52080058-6236-4F47-A2F4-07D568A924D0}.Release|Any CPU.Build.0 = Release|Any CPU
	EndGlobalSection
	GlobalSection(SolutionProperties) = preSolution
		HideSolutionNode = FALSE
	EndGlobalSection
	GlobalSection(ExtensibilityGlobals) = postSolution
		SolutionGuid = {2F883323-AA1F-49E0-B578-368280CC699D}
	EndGlobalSection
EndGlobal
